
Microsoft Visual Studio Solution File, Format Version 12.00
# Visual Studio Version 17
VisualStudioVersion = 17.11.35222.181
MinimumVisualStudioVersion = 10.0.40219.1
Project("{FAE04EC0-301F-11D3-BF4B-00C04F79EFBC}") = "Domain", "Domain\Domain.csproj", "{5D3F0F2E-E922-4D65-AE31-D4F8492C7980}"
EndProject
Project("{FAE04EC0-301F-11D3-BF4B-00C04F79EFBC}") = "Infrastructure", "Infrastructure\Infrastructure.csproj", "{D8894CE9-1E16-41AB-B6A5-079C27757886}"
EndProject
Project("{FAE04EC0-301F-11D3-BF4B-00C04F79EFBC}") = "TicketManagementUI", "TicketManagementUI\TicketManagementUI.csproj", "{C3818E13-B7E2-42AE-BBAD-AF5D4C182531}"
EndProject
Global
	GlobalSection(SolutionConfigurationPlatforms) = preSolution
		Debug|Any CPU = Debug|Any CPU
		Release|Any CPU = Release|Any CPU
	EndGlobalSection
	GlobalSection(ProjectConfigurationPlatforms) = postSolution
		{5D3F0F2E-E922-4D65-AE31-D4F8492C7980}.Debug|Any CPU.ActiveCfg = Debug|Any CPU
		{5D3F0F2E-E922-4D65-AE31-D4F8492C7980}.Debug|Any CPU.Build.0 = Debug|Any CPU
		{5D3F0F2E-E922-4D65-AE31-D4F8492C7980}.Release|Any CPU.ActiveCfg = Release|Any CPU
		{5D3F0F2E-E922-4D65-AE31-D4F8492C7980}.Release|Any CPU.Build.0 = Release|Any CPU
		{D8894CE9-1E16-41AB-B6A5-079C27757886}.Debug|Any CPU.ActiveCfg = Debug|Any CPU
		{D8894CE9-1E16-41AB-B6A5-079C27757886}.Debug|Any CPU.Build.0 = Debug|Any CPU
		{D8894CE9-1E16-41AB-B6A5-079C27757886}.Release|Any CPU.ActiveCfg = Release|Any CPU
		{D8894CE9-1E16-41AB-B6A5-079C27757886}.Release|Any CPU.Build.0 = Release|Any CPU
		{C3818E13-B7E2-42AE-BBAD-AF5D4C182531}.Debug|Any CPU.ActiveCfg = Debug|Any CPU
		{C3818E13-B7E2-42AE-BBAD-AF5D4C182531}.Debug|Any CPU.Build.0 = Debug|Any CPU
		{C3818E13-B7E2-42AE-BBAD-AF5D4C182531}.Release|Any CPU.ActiveCfg = Release|Any CPU
		{C3818E13-B7E2-42AE-BBAD-AF5D4C182531}.Release|Any CPU.Build.0 = Release|Any CPU
	EndGlobalSection
	GlobalSection(SolutionProperties) = preSolution
		HideSolutionNode = FALSE
	EndGlobalSection
	GlobalSection(ExtensibilityGlobals) = postSolution
		SolutionGuid = {EA996383-942F-41C8-8C27-28AF757DB95E}
	EndGlobalSection
EndGlobal
